PODS:
  - Flutter (1.0.0)
  - stockfish (1.7.1):
    - Flutter
  - vibration (3.0.0):
    - Flutter

DEPENDENCIES:
  - Flutter (from `Flutter`)
  - stockfish (from `.symlinks/plugins/stockfish/ios`)
  - vibration (from `.symlinks/plugins/vibration/ios`)

EXTERNAL SOURCES:
  Flutter:
    :path: Flutter
  stockfish:
    :path: ".symlinks/plugins/stockfish/ios"
  vibration:
    :path: ".symlinks/plugins/vibration/ios"

SPEC CHECKSUMS:
  Flutter: 71a624a5bc0c04062bf19101d501e466baf2fb47
  stockfish: fba17840e607c8c88b69d8a26284fed4c12f6ad0
  vibration: 3797858f8cbf53d841e189ef8bd533d96e4ca93c

PODFILE CHECKSUM: 3ba3a73b1b12adcf321a227a745625fe0888cc82

COCOAPODS: 1.16.2
